
Microsoft Visual Studio Solution File, Format Version 12.00
# Visual Studio Version 17
VisualStudioVersion = 17.11.35327.3
MinimumVisualStudioVersion = 10.0.40219.1
Project("{2150E333-8FDC-42A3-9474-1A3956D46DE8}") = "Services", "Services", "{84621E42-9379-4D43-959F-8E1209124A57}"
EndProject
Project("{2150E333-8FDC-42A3-9474-1A3956D46DE8}") = "Providers", "Providers", "{918BD5B4-D0ED-4EAD-A159-DA5E087E90BD}"
EndProject
Project("{9A19103F-16F7-4668-BE54-9A1E7A4F7556}") = "Providers.API", "Services\Providers\Providers.API\Providers.API.csproj", "{2364E711-0D46-4556-92EC-7FAE25ECD505}"
EndProject
Project("{2150E333-8FDC-42A3-9474-1A3956D46DE8}") = "BuildingBlocks", "BuildingBlocks", "{69D74159-C5C1-4C62-B8E6-77A43E0A0AD8}"
EndProject
Project("{9A19103F-16F7-4668-BE54-9A1E7A4F7556}") = "BuildingBlocks", "BuildingBlocks\BuildingBlocks\BuildingBlocks.csproj", "{322393FA-B7D5-44A2-B934-9747D38C752F}"
EndProject
Project("{E53339B2-1760-4266-BCC7-CA923CBCF16C}") = "docker-compose", "docker-compose.dcproj", "{25641F91-28A9-4623-8DCC-7C842CD3B3F3}"
EndProject
Project("{9A19103F-16F7-4668-BE54-9A1E7A4F7556}") = "Providers.Domain", "Services\Providers\Providers.Domain\Providers.Domain.csproj", "{4C2C4F0E-276E-4204-9CF2-5680E27B973C}"
EndProject
Project("{9A19103F-16F7-4668-BE54-9A1E7A4F7556}") = "Providers.Application", "Services\Providers\Providers.Application\Providers.Application.csproj", "{0608A1F5-7AE8-4B93-B2FB-FFBF9A1BF39C}"
EndProject
Project("{9A19103F-16F7-4668-BE54-9A1E7A4F7556}") = "Providers.Infrastructure", "Services\Providers\Providers.Infrastructure\Providers.Infrastructure.csproj", "{0B863591-058F-4F32-9C98-0464019E98EF}"
EndProject
Project("{2150E333-8FDC-42A3-9474-1A3956D46DE8}") = "Users", "Users", "{1A518B97-2524-4BAC-B9EA-91A30ED46E72}"
EndProject
Project("{9A19103F-16F7-4668-BE54-9A1E7A4F7556}") = "Users.API", "Services\Users\Users.API\Users.API.csproj", "{C32183E4-04E6-4AC7-9B8D-75E0BC499901}"
EndProject
Project("{9A19103F-16F7-4668-BE54-9A1E7A4F7556}") = "Users.Application", "Services\Users\Users.Application\Users.Application.csproj", "{FAF3B5A1-9A66-4C38-84B6-D0115CF7E3DA}"
EndProject
Project("{9A19103F-16F7-4668-BE54-9A1E7A4F7556}") = "Users.Domain", "Services\Users\Users.Domain\Users.Domain.csproj", "{8FB69558-EA66-431F-8DC8-9A8C42C50A50}"
EndProject
Project("{9A19103F-16F7-4668-BE54-9A1E7A4F7556}") = "Users.Infrastructure", "Services\Users\Users.Infrastructure\Users.Infrastructure.csproj", "{CD51FE5F-D64F-4A51-A3DE-2BA9FF5888BE}"
EndProject
Project("{2150E333-8FDC-42A3-9474-1A3956D46DE8}") = "ApiGateways", "ApiGateways", "{CA4F84B8-ED40-4713-BE7E-E34D92E04E8F}"
EndProject
Project("{9A19103F-16F7-4668-BE54-9A1E7A4F7556}") = "YarpApiGateway", "ApiGateways\YarpApiGateway\YarpApiGateway.csproj", "{C44669BF-25D5-434C-9CEB-3B789C66245D}"
EndProject
Project("{9A19103F-16F7-4668-BE54-9A1E7A4F7556}") = "Providers.Tests", "Services\Providers\Providers.Tests\Providers.Tests.csproj", "{9F46717C-8DA3-4F2D-B50B-F4C2BBE5ADC9}"
EndProject
Project("{2150E333-8FDC-42A3-9474-1A3956D46DE8}") = "Orders", "Orders", "{C39CB3B5-7CDD-445C-9E63-40202843C96A}"
EndProject
Project("{9A19103F-16F7-4668-BE54-9A1E7A4F7556}") = "Orders.API", "Services\Orders\Orders.API\Orders.API.csproj", "{6D6BB6CA-C016-4AF4-B9B5-4ACAC53C3CDC}"
EndProject
Project("{FAE04EC0-301F-11D3-BF4B-00C04F79EFBC}") = "Orders.Domain", "Services\Orders\Orders.Domain\Orders.Domain.csproj", "{80D23362-0E5E-4555-90E6-C5BB162F2622}"
EndProject
Project("{FAE04EC0-301F-11D3-BF4B-00C04F79EFBC}") = "Orders.Application", "Services\Orders\Orders.Application\Orders.Application.csproj", "{1B558BEE-92C0-4472-AE48-BC231181275F}"
EndProject
Project("{FAE04EC0-301F-11D3-BF4B-00C04F79EFBC}") = "Orders.Infrastructure", "Services\Orders\Orders.Infrastructure\Orders.Infrastructure.csproj", "{88294948-0CCF-4D01-823D-A74B0D8C22C8}"
EndProject
Global
	GlobalSection(SolutionConfigurationPlatforms) = preSolution
		Debug|Any CPU = Debug|Any CPU
		Release|Any CPU = Release|Any CPU
	EndGlobalSection
	GlobalSection(ProjectConfigurationPlatforms) = postSolution
		{2364E711-0D46-4556-92EC-7FAE25ECD505}.Debug|Any CPU.ActiveCfg = Debug|Any CPU
		{2364E711-0D46-4556-92EC-7FAE25ECD505}.Debug|Any CPU.Build.0 = Debug|Any CPU
		{2364E711-0D46-4556-92EC-7FAE25ECD505}.Release|Any CPU.ActiveCfg = Release|Any CPU
		{2364E711-0D46-4556-92EC-7FAE25ECD505}.Release|Any CPU.Build.0 = Release|Any CPU
		{322393FA-B7D5-44A2-B934-9747D38C752F}.Debug|Any CPU.ActiveCfg = Debug|Any CPU
		{322393FA-B7D5-44A2-B934-9747D38C752F}.Debug|Any CPU.Build.0 = Debug|Any CPU
		{322393FA-B7D5-44A2-B934-9747D38C752F}.Release|Any CPU.ActiveCfg = Release|Any CPU
		{322393FA-B7D5-44A2-B934-9747D38C752F}.Release|Any CPU.Build.0 = Release|Any CPU
		{25641F91-28A9-4623-8DCC-7C842CD3B3F3}.Debug|Any CPU.ActiveCfg = Debug|Any CPU
		{25641F91-28A9-4623-8DCC-7C842CD3B3F3}.Debug|Any CPU.Build.0 = Debug|Any CPU
		{25641F91-28A9-4623-8DCC-7C842CD3B3F3}.Release|Any CPU.ActiveCfg = Release|Any CPU
		{25641F91-28A9-4623-8DCC-7C842CD3B3F3}.Release|Any CPU.Build.0 = Release|Any CPU
		{4C2C4F0E-276E-4204-9CF2-5680E27B973C}.Debug|Any CPU.ActiveCfg = Debug|Any CPU
		{4C2C4F0E-276E-4204-9CF2-5680E27B973C}.Debug|Any CPU.Build.0 = Debug|Any CPU
		{4C2C4F0E-276E-4204-9CF2-5680E27B973C}.Release|Any CPU.ActiveCfg = Release|Any CPU
		{4C2C4F0E-276E-4204-9CF2-5680E27B973C}.Release|Any CPU.Build.0 = Release|Any CPU
		{0608A1F5-7AE8-4B93-B2FB-FFBF9A1BF39C}.Debug|Any CPU.ActiveCfg = Debug|Any CPU
		{0608A1F5-7AE8-4B93-B2FB-FFBF9A1BF39C}.Debug|Any CPU.Build.0 = Debug|Any CPU
		{0608A1F5-7AE8-4B93-B2FB-FFBF9A1BF39C}.Release|Any CPU.ActiveCfg = Release|Any CPU
		{0608A1F5-7AE8-4B93-B2FB-FFBF9A1BF39C}.Release|Any CPU.Build.0 = Release|Any CPU
		{0B863591-058F-4F32-9C98-0464019E98EF}.Debug|Any CPU.ActiveCfg = Debug|Any CPU
		{0B863591-058F-4F32-9C98-0464019E98EF}.Debug|Any CPU.Build.0 = Debug|Any CPU
		{0B863591-058F-4F32-9C98-0464019E98EF}.Release|Any CPU.ActiveCfg = Release|Any CPU
		{0B863591-058F-4F32-9C98-0464019E98EF}.Release|Any CPU.Build.0 = Release|Any CPU
		{C32183E4-04E6-4AC7-9B8D-75E0BC499901}.Debug|Any CPU.ActiveCfg = Debug|Any CPU
		{C32183E4-04E6-4AC7-9B8D-75E0BC499901}.Debug|Any CPU.Build.0 = Debug|Any CPU
		{C32183E4-04E6-4AC7-9B8D-75E0BC499901}.Release|Any CPU.ActiveCfg = Release|Any CPU
		{C32183E4-04E6-4AC7-9B8D-75E0BC499901}.Release|Any CPU.Build.0 = Release|Any CPU
		{FAF3B5A1-9A66-4C38-84B6-D0115CF7E3DA}.Debug|Any CPU.ActiveCfg = Debug|Any CPU
		{FAF3B5A1-9A66-4C38-84B6-D0115CF7E3DA}.Debug|Any CPU.Build.0 = Debug|Any CPU
		{FAF3B5A1-9A66-4C38-84B6-D0115CF7E3DA}.Release|Any CPU.ActiveCfg = Release|Any CPU
		{FAF3B5A1-9A66-4C38-84B6-D0115CF7E3DA}.Release|Any CPU.Build.0 = Release|Any CPU
		{8FB69558-EA66-431F-8DC8-9A8C42C50A50}.Debug|Any CPU.ActiveCfg = Debug|Any CPU
		{8FB69558-EA66-431F-8DC8-9A8C42C50A50}.Debug|Any CPU.Build.0 = Debug|Any CPU
		{8FB69558-EA66-431F-8DC8-9A8C42C50A50}.Release|Any CPU.ActiveCfg = Release|Any CPU
		{8FB69558-EA66-431F-8DC8-9A8C42C50A50}.Release|Any CPU.Build.0 = Release|Any CPU
		{CD51FE5F-D64F-4A51-A3DE-2BA9FF5888BE}.Debug|Any CPU.ActiveCfg = Debug|Any CPU
		{CD51FE5F-D64F-4A51-A3DE-2BA9FF5888BE}.Debug|Any CPU.Build.0 = Debug|Any CPU
		{CD51FE5F-D64F-4A51-A3DE-2BA9FF5888BE}.Release|Any CPU.ActiveCfg = Release|Any CPU
		{CD51FE5F-D64F-4A51-A3DE-2BA9FF5888BE}.Release|Any CPU.Build.0 = Release|Any CPU
		{C44669BF-25D5-434C-9CEB-3B789C66245D}.Debug|Any CPU.ActiveCfg = Debug|Any CPU
		{C44669BF-25D5-434C-9CEB-3B789C66245D}.Debug|Any CPU.Build.0 = Debug|Any CPU
		{C44669BF-25D5-434C-9CEB-3B789C66245D}.Release|Any CPU.ActiveCfg = Release|Any CPU
		{C44669BF-25D5-434C-9CEB-3B789C66245D}.Release|Any CPU.Build.0 = Release|Any CPU
		{9F46717C-8DA3-4F2D-B50B-F4C2BBE5ADC9}.Debug|Any CPU.ActiveCfg = Debug|Any CPU
		{9F46717C-8DA3-4F2D-B50B-F4C2BBE5ADC9}.Debug|Any CPU.Build.0 = Debug|Any CPU
		{9F46717C-8DA3-4F2D-B50B-F4C2BBE5ADC9}.Release|Any CPU.ActiveCfg = Release|Any CPU
		{9F46717C-8DA3-4F2D-B50B-F4C2BBE5ADC9}.Release|Any CPU.Build.0 = Release|Any CPU
		{6D6BB6CA-C016-4AF4-B9B5-4ACAC53C3CDC}.Debug|Any CPU.ActiveCfg = Debug|Any CPU
		{6D6BB6CA-C016-4AF4-B9B5-4ACAC53C3CDC}.Debug|Any CPU.Build.0 = Debug|Any CPU
		{6D6BB6CA-C016-4AF4-B9B5-4ACAC53C3CDC}.Release|Any CPU.ActiveCfg = Release|Any CPU
		{6D6BB6CA-C016-4AF4-B9B5-4ACAC53C3CDC}.Release|Any CPU.Build.0 = Release|Any CPU
		{80D23362-0E5E-4555-90E6-C5BB162F2622}.Debug|Any CPU.ActiveCfg = Debug|Any CPU
		{80D23362-0E5E-4555-90E6-C5BB162F2622}.Debug|Any CPU.Build.0 = Debug|Any CPU
		{80D23362-0E5E-4555-90E6-C5BB162F2622}.Release|Any CPU.ActiveCfg = Release|Any CPU
		{80D23362-0E5E-4555-90E6-C5BB162F2622}.Release|Any CPU.Build.0 = Release|Any CPU
		{1B558BEE-92C0-4472-AE48-BC231181275F}.Debug|Any CPU.ActiveCfg = Debug|Any CPU
		{1B558BEE-92C0-4472-AE48-BC231181275F}.Debug|Any CPU.Build.0 = Debug|Any CPU
		{1B558BEE-92C0-4472-AE48-BC231181275F}.Release|Any CPU.ActiveCfg = Release|Any CPU
		{1B558BEE-92C0-4472-AE48-BC231181275F}.Release|Any CPU.Build.0 = Release|Any CPU
		{88294948-0CCF-4D01-823D-A74B0D8C22C8}.Debug|Any CPU.ActiveCfg = Debug|Any CPU
		{88294948-0CCF-4D01-823D-A74B0D8C22C8}.Debug|Any CPU.Build.0 = Debug|Any CPU
		{88294948-0CCF-4D01-823D-A74B0D8C22C8}.Release|Any CPU.ActiveCfg = Release|Any CPU
		{88294948-0CCF-4D01-823D-A74B0D8C22C8}.Release|Any CPU.Build.0 = Release|Any CPU
	EndGlobalSection
	GlobalSection(SolutionProperties) = preSolution
		HideSolutionNode = FALSE
	EndGlobalSection
	GlobalSection(NestedProjects) = preSolution
		{918BD5B4-D0ED-4EAD-A159-DA5E087E90BD} = {84621E42-9379-4D43-959F-8E1209124A57}
		{2364E711-0D46-4556-92EC-7FAE25ECD505} = {918BD5B4-D0ED-4EAD-A159-DA5E087E90BD}
		{322393FA-B7D5-44A2-B934-9747D38C752F} = {69D74159-C5C1-4C62-B8E6-77A43E0A0AD8}
		{4C2C4F0E-276E-4204-9CF2-5680E27B973C} = {918BD5B4-D0ED-4EAD-A159-DA5E087E90BD}
		{0608A1F5-7AE8-4B93-B2FB-FFBF9A1BF39C} = {918BD5B4-D0ED-4EAD-A159-DA5E087E90BD}
		{0B863591-058F-4F32-9C98-0464019E98EF} = {918BD5B4-D0ED-4EAD-A159-DA5E087E90BD}
		{1A518B97-2524-4BAC-B9EA-91A30ED46E72} = {84621E42-9379-4D43-959F-8E1209124A57}
		{C32183E4-04E6-4AC7-9B8D-75E0BC499901} = {1A518B97-2524-4BAC-B9EA-91A30ED46E72}
		{FAF3B5A1-9A66-4C38-84B6-D0115CF7E3DA} = {1A518B97-2524-4BAC-B9EA-91A30ED46E72}
		{8FB69558-EA66-431F-8DC8-9A8C42C50A50} = {1A518B97-2524-4BAC-B9EA-91A30ED46E72}
		{CD51FE5F-D64F-4A51-A3DE-2BA9FF5888BE} = {1A518B97-2524-4BAC-B9EA-91A30ED46E72}
		{C44669BF-25D5-434C-9CEB-3B789C66245D} = {CA4F84B8-ED40-4713-BE7E-E34D92E04E8F}
		{9F46717C-8DA3-4F2D-B50B-F4C2BBE5ADC9} = {918BD5B4-D0ED-4EAD-A159-DA5E087E90BD}
		{C39CB3B5-7CDD-445C-9E63-40202843C96A} = {84621E42-9379-4D43-959F-8E1209124A57}
		{6D6BB6CA-C016-4AF4-B9B5-4ACAC53C3CDC} = {C39CB3B5-7CDD-445C-9E63-40202843C96A}
		{80D23362-0E5E-4555-90E6-C5BB162F2622} = {C39CB3B5-7CDD-445C-9E63-40202843C96A}
		{1B558BEE-92C0-4472-AE48-BC231181275F} = {C39CB3B5-7CDD-445C-9E63-40202843C96A}
		{88294948-0CCF-4D01-823D-A74B0D8C22C8} = {C39CB3B5-7CDD-445C-9E63-40202843C96A}
	EndGlobalSection
	GlobalSection(ExtensibilityGlobals) = postSolution
		SolutionGuid = {0FB5E49C-063C-4318-9221-A34A1F23841D}
	EndGlobalSection
EndGlobal
