
Microsoft Visual Studio Solution File, Format Version 12.00
# Visual Studio Version 17
VisualStudioVersion = 17.11.35327.3
MinimumVisualStudioVersion = 10.0.40219.1
Project("{2150E333-8FDC-42A3-9474-1A3956D46DE8}") = "Services", "Services", "{84621E42-9379-4D43-959F-8E1209124A57}"
EndProject
Project("{2150E333-8FDC-42A3-9474-1A3956D46DE8}") = "Catalog", "Catalog", "{D26BC9F2-7EF7-4068-8658-2F65B9BBBE71}"
EndProject
Project("{9A19103F-16F7-4668-BE54-9A1E7A4F7556}") = "Catalog.API", "Services\Catalog\Catalog.API\Catalog.API.csproj", "{8FF3AF1D-B94F-4F61-8840-8F20CAD7B6F7}"
EndProject
Project("{2150E333-8FDC-42A3-9474-1A3956D46DE8}") = "Providers", "Providers", "{918BD5B4-D0ED-4EAD-A159-DA5E087E90BD}"
EndProject
Project("{9A19103F-16F7-4668-BE54-9A1E7A4F7556}") = "Providers.API", "Services\Providers\Providers.API\Providers.API.csproj", "{2364E711-0D46-4556-92EC-7FAE25ECD505}"
EndProject
Project("{2150E333-8FDC-42A3-9474-1A3956D46DE8}") = "Orders", "Orders", "{1D64813C-57EC-4690-AEA9-4C2941ED04D3}"
EndProject
Project("{9A19103F-16F7-4668-BE54-9A1E7A4F7556}") = "Orders.API", "Services\Orders\Orders.API\Orders.API.csproj", "{7B224C7A-0932-4C0E-93A7-B627C063E1BF}"
EndProject
Project("{2150E333-8FDC-42A3-9474-1A3956D46DE8}") = "BuildingBlocks", "BuildingBlocks", "{69D74159-C5C1-4C62-B8E6-77A43E0A0AD8}"
EndProject
Project("{9A19103F-16F7-4668-BE54-9A1E7A4F7556}") = "BuildingBlocks", "BuildingBlocks\BuildingBlocks\BuildingBlocks.csproj", "{322393FA-B7D5-44A2-B934-9747D38C752F}"
EndProject
Project("{E53339B2-1760-4266-BCC7-CA923CBCF16C}") = "docker-compose", "docker-compose.dcproj", "{25641F91-28A9-4623-8DCC-7C842CD3B3F3}"
EndProject
Project("{9A19103F-16F7-4668-BE54-9A1E7A4F7556}") = "Providers.Domain", "Services\Providers\Providers.Domain\Providers.Domain.csproj", "{4C2C4F0E-276E-4204-9CF2-5680E27B973C}"
EndProject
Project("{9A19103F-16F7-4668-BE54-9A1E7A4F7556}") = "Providers.Application", "Services\Providers\Providers.Application\Providers.Application.csproj", "{0608A1F5-7AE8-4B93-B2FB-FFBF9A1BF39C}"
EndProject
Project("{9A19103F-16F7-4668-BE54-9A1E7A4F7556}") = "Providers.Infrastructure", "Services\Providers\Providers.Infrastructure\Providers.Infrastructure.csproj", "{0B863591-058F-4F32-9C98-0464019E98EF}"
EndProject
Project("{2150E333-8FDC-42A3-9474-1A3956D46DE8}") = "Users", "Users", "{1A518B97-2524-4BAC-B9EA-91A30ED46E72}"
EndProject
Project("{FAE04EC0-301F-11D3-BF4B-00C04F79EFBC}") = "Users.API", "Services\Users\Users.API\Users.API.csproj", "{C32183E4-04E6-4AC7-9B8D-75E0BC499901}"
EndProject
Global
	GlobalSection(SolutionConfigurationPlatforms) = preSolution
		Debug|Any CPU = Debug|Any CPU
		Release|Any CPU = Release|Any CPU
	EndGlobalSection
	GlobalSection(ProjectConfigurationPlatforms) = postSolution
		{8FF3AF1D-B94F-4F61-8840-8F20CAD7B6F7}.Debug|Any CPU.ActiveCfg = Debug|Any CPU
		{8FF3AF1D-B94F-4F61-8840-8F20CAD7B6F7}.Debug|Any CPU.Build.0 = Debug|Any CPU
		{8FF3AF1D-B94F-4F61-8840-8F20CAD7B6F7}.Release|Any CPU.ActiveCfg = Release|Any CPU
		{8FF3AF1D-B94F-4F61-8840-8F20CAD7B6F7}.Release|Any CPU.Build.0 = Release|Any CPU
		{2364E711-0D46-4556-92EC-7FAE25ECD505}.Debug|Any CPU.ActiveCfg = Debug|Any CPU
		{2364E711-0D46-4556-92EC-7FAE25ECD505}.Debug|Any CPU.Build.0 = Debug|Any CPU
		{2364E711-0D46-4556-92EC-7FAE25ECD505}.Release|Any CPU.ActiveCfg = Release|Any CPU
		{2364E711-0D46-4556-92EC-7FAE25ECD505}.Release|Any CPU.Build.0 = Release|Any CPU
		{7B224C7A-0932-4C0E-93A7-B627C063E1BF}.Debug|Any CPU.ActiveCfg = Debug|Any CPU
		{7B224C7A-0932-4C0E-93A7-B627C063E1BF}.Debug|Any CPU.Build.0 = Debug|Any CPU
		{7B224C7A-0932-4C0E-93A7-B627C063E1BF}.Release|Any CPU.ActiveCfg = Release|Any CPU
		{7B224C7A-0932-4C0E-93A7-B627C063E1BF}.Release|Any CPU.Build.0 = Release|Any CPU
		{322393FA-B7D5-44A2-B934-9747D38C752F}.Debug|Any CPU.ActiveCfg = Debug|Any CPU
		{322393FA-B7D5-44A2-B934-9747D38C752F}.Debug|Any CPU.Build.0 = Debug|Any CPU
		{322393FA-B7D5-44A2-B934-9747D38C752F}.Release|Any CPU.ActiveCfg = Release|Any CPU
		{322393FA-B7D5-44A2-B934-9747D38C752F}.Release|Any CPU.Build.0 = Release|Any CPU
		{25641F91-28A9-4623-8DCC-7C842CD3B3F3}.Debug|Any CPU.ActiveCfg = Debug|Any CPU
		{25641F91-28A9-4623-8DCC-7C842CD3B3F3}.Debug|Any CPU.Build.0 = Debug|Any CPU
		{25641F91-28A9-4623-8DCC-7C842CD3B3F3}.Release|Any CPU.ActiveCfg = Release|Any CPU
		{25641F91-28A9-4623-8DCC-7C842CD3B3F3}.Release|Any CPU.Build.0 = Release|Any CPU
		{4C2C4F0E-276E-4204-9CF2-5680E27B973C}.Debug|Any CPU.ActiveCfg = Debug|Any CPU
		{4C2C4F0E-276E-4204-9CF2-5680E27B973C}.Debug|Any CPU.Build.0 = Debug|Any CPU
		{4C2C4F0E-276E-4204-9CF2-5680E27B973C}.Release|Any CPU.ActiveCfg = Release|Any CPU
		{4C2C4F0E-276E-4204-9CF2-5680E27B973C}.Release|Any CPU.Build.0 = Release|Any CPU
		{0608A1F5-7AE8-4B93-B2FB-FFBF9A1BF39C}.Debug|Any CPU.ActiveCfg = Debug|Any CPU
		{0608A1F5-7AE8-4B93-B2FB-FFBF9A1BF39C}.Debug|Any CPU.Build.0 = Debug|Any CPU
		{0608A1F5-7AE8-4B93-B2FB-FFBF9A1BF39C}.Release|Any CPU.ActiveCfg = Release|Any CPU
		{0608A1F5-7AE8-4B93-B2FB-FFBF9A1BF39C}.Release|Any CPU.Build.0 = Release|Any CPU
		{0B863591-058F-4F32-9C98-0464019E98EF}.Debug|Any CPU.ActiveCfg = Debug|Any CPU
		{0B863591-058F-4F32-9C98-0464019E98EF}.Debug|Any CPU.Build.0 = Debug|Any CPU
		{0B863591-058F-4F32-9C98-0464019E98EF}.Release|Any CPU.ActiveCfg = Release|Any CPU
		{0B863591-058F-4F32-9C98-0464019E98EF}.Release|Any CPU.Build.0 = Release|Any CPU
		{C32183E4-04E6-4AC7-9B8D-75E0BC499901}.Debug|Any CPU.ActiveCfg = Debug|Any CPU
		{C32183E4-04E6-4AC7-9B8D-75E0BC499901}.Debug|Any CPU.Build.0 = Debug|Any CPU
		{C32183E4-04E6-4AC7-9B8D-75E0BC499901}.Release|Any CPU.ActiveCfg = Release|Any CPU
		{C32183E4-04E6-4AC7-9B8D-75E0BC499901}.Release|Any CPU.Build.0 = Release|Any CPU
	EndGlobalSection
	GlobalSection(SolutionProperties) = preSolution
		HideSolutionNode = FALSE
	EndGlobalSection
	GlobalSection(NestedProjects) = preSolution
		{D26BC9F2-7EF7-4068-8658-2F65B9BBBE71} = {84621E42-9379-4D43-959F-8E1209124A57}
		{8FF3AF1D-B94F-4F61-8840-8F20CAD7B6F7} = {D26BC9F2-7EF7-4068-8658-2F65B9BBBE71}
		{918BD5B4-D0ED-4EAD-A159-DA5E087E90BD} = {84621E42-9379-4D43-959F-8E1209124A57}
		{2364E711-0D46-4556-92EC-7FAE25ECD505} = {918BD5B4-D0ED-4EAD-A159-DA5E087E90BD}
		{1D64813C-57EC-4690-AEA9-4C2941ED04D3} = {84621E42-9379-4D43-959F-8E1209124A57}
		{7B224C7A-0932-4C0E-93A7-B627C063E1BF} = {1D64813C-57EC-4690-AEA9-4C2941ED04D3}
		{322393FA-B7D5-44A2-B934-9747D38C752F} = {69D74159-C5C1-4C62-B8E6-77A43E0A0AD8}
		{4C2C4F0E-276E-4204-9CF2-5680E27B973C} = {918BD5B4-D0ED-4EAD-A159-DA5E087E90BD}
		{0608A1F5-7AE8-4B93-B2FB-FFBF9A1BF39C} = {918BD5B4-D0ED-4EAD-A159-DA5E087E90BD}
		{0B863591-058F-4F32-9C98-0464019E98EF} = {918BD5B4-D0ED-4EAD-A159-DA5E087E90BD}
		{1A518B97-2524-4BAC-B9EA-91A30ED46E72} = {84621E42-9379-4D43-959F-8E1209124A57}
		{C32183E4-04E6-4AC7-9B8D-75E0BC499901} = {1A518B97-2524-4BAC-B9EA-91A30ED46E72}
	EndGlobalSection
	GlobalSection(ExtensibilityGlobals) = postSolution
		SolutionGuid = {0FB5E49C-063C-4318-9221-A34A1F23841D}
	EndGlobalSection
EndGlobal
